
Microsoft Visual Studio Solution File, Format Version 12.00
# Visual Studio Version 17
VisualStudioVersion = 17.3.32825.248
MinimumVisualStudioVersion = 10.0.40219.1
Project("{9A19103F-16F7-4668-BE54-9A1E7A4F7556}") = "ReportGeneratorLib", "ReportGenerator\ReportGeneratorLib.csproj", "{032B221C-6B8F-414B-BFC3-3346638C8BDD}"
EndProject
Project("{FAE04EC0-301F-11D3-BF4B-00C04F79EFBC}") = "ReportGeneratorConsoleApp", "ReportGeneratorConsoleApp\ReportGeneratorConsoleApp.csproj", "{772F8A48-67BC-4C8C-A7A2-4EE07BF24CE7}"
EndProject
Global
	GlobalSection(SolutionConfigurationPlatforms) = preSolution
		Debug|Any CPU = Debug|Any CPU
		Release|Any CPU = Release|Any CPU
	EndGlobalSection
	GlobalSection(ProjectConfigurationPlatforms) = postSolution
		{032B221C-6B8F-414B-BFC3-3346638C8BDD}.Debug|Any CPU.ActiveCfg = Debug|Any CPU
		{032B221C-6B8F-414B-BFC3-3346638C8BDD}.Debug|Any CPU.Build.0 = Debug|Any CPU
		{032B221C-6B8F-414B-BFC3-3346638C8BDD}.Release|Any CPU.ActiveCfg = Release|Any CPU
		{032B221C-6B8F-414B-BFC3-3346638C8BDD}.Release|Any CPU.Build.0 = Release|Any CPU
		{772F8A48-67BC-4C8C-A7A2-4EE07BF24CE7}.Debug|Any CPU.ActiveCfg = Debug|Any CPU
		{772F8A48-67BC-4C8C-A7A2-4EE07BF24CE7}.Debug|Any CPU.Build.0 = Debug|Any CPU
		{772F8A48-67BC-4C8C-A7A2-4EE07BF24CE7}.Release|Any CPU.ActiveCfg = Release|Any CPU
		{772F8A48-67BC-4C8C-A7A2-4EE07BF24CE7}.Release|Any CPU.Build.0 = Release|Any CPU
	EndGlobalSection
	GlobalSection(SolutionProperties) = preSolution
		HideSolutionNode = FALSE
	EndGlobalSection
	GlobalSection(ExtensibilityGlobals) = postSolution
		SolutionGuid = {AA324B74-50E9-417D-8E3E-E63B92241A24}
	EndGlobalSection
EndGlobal
